{
    "version": 3,
    "terraform_version": "0.11.11",
    "serial": 3,
    "lineage": "1fd86d7f-e2d2-bbd1-a959-d568e1c6ad83",
    "modules": [
        {
            "path": [
                "root"
            ],
            "outputs": {},
            "resources": {
                "aws_alb.terra_alb": {
                    "type": "aws_alb",
                    "depends_on": [
                        "aws_security_group.terra_alb_sg",
                        "aws_subnet.terra_ingress_subnet_az_1",
                        "aws_subnet.terra_ingress_subnet_az_2"
                    ],
                    "primary": {
                        "id": "arn:aws:elasticloadbalancing:us-east-1:559984225005:loadbalancer/app/terra-alb/3ea2c0db53bccf80",
                        "attributes": {
                            "access_logs.#": "0",
                            "arn": "arn:aws:elasticloadbalancing:us-east-1:559984225005:loadbalancer/app/terra-alb/3ea2c0db53bccf80",
                            "arn_suffix": "app/terra-alb/3ea2c0db53bccf80",
                            "dns_name": "terra-alb-694870959.us-east-1.elb.amazonaws.com",
                            "enable_deletion_protection": "false",
                            "enable_http2": "true",
                            "id": "arn:aws:elasticloadbalancing:us-east-1:559984225005:loadbalancer/app/terra-alb/3ea2c0db53bccf80",
                            "idle_timeout": "60",
                            "internal": "false",
                            "ip_address_type": "ipv4",
                            "load_balancer_type": "application",
                            "name": "terra-alb",
                            "security_groups.#": "1",
                            "security_groups.3496212737": "sg-086df3d59830e1198",
                            "subnet_mapping.#": "0",
                            "subnets.#": "2",
                            "subnets.2404418851": "subnet-087e4c753ce5db0e9",
                            "subnets.836534967": "subnet-0fe107da521a1fa4f",
                            "tags.%": "1",
                            "tags.Environment": "production",
                            "vpc_id": "vpc-08d85f240711a3b22",
                            "zone_id": "Z35SXDOTRQ7X7K"
                        },
                        "meta": {
                            "e2bfb730-ecaa-11e6-8f88-34363bc7c4c0": {
                                "create": 600000000000,
                                "delete": 600000000000,
                                "update": 600000000000
                            }
                        },
                        "tainted": false
                    },
                    "deposed": [],
                    "provider": "provider.aws"
                },
                "aws_alb_listener.terra_alb_listener": {
                    "type": "aws_alb_listener",
                    "depends_on": [
                        "aws_alb.terra_alb",
                        "aws_alb_target_group.terra_alb_target_group"
                    ],
                    "primary": {
                        "id": "arn:aws:elasticloadbalancing:us-east-1:559984225005:listener/app/terra-alb/3ea2c0db53bccf80/60c1a1fab0495c23",
                        "attributes": {
                            "arn": "arn:aws:elasticloadbalancing:us-east-1:559984225005:listener/app/terra-alb/3ea2c0db53bccf80/60c1a1fab0495c23",
                            "default_action.#": "1",
                            "default_action.0.authenticate_cognito.#": "0",
                            "default_action.0.authenticate_oidc.#": "0",
                            "default_action.0.fixed_response.#": "0",
                            "default_action.0.order": "1",
                            "default_action.0.redirect.#": "0",
                            "default_action.0.target_group_arn": "arn:aws:elasticloadbalancing:us-east-1:559984225005:targetgroup/terra-alb-target-group/b304182fa582ac00",
                            "default_action.0.type": "forward",
                            "id": "arn:aws:elasticloadbalancing:us-east-1:559984225005:listener/app/terra-alb/3ea2c0db53bccf80/60c1a1fab0495c23",
                            "load_balancer_arn": "arn:aws:elasticloadbalancing:us-east-1:559984225005:loadbalancer/app/terra-alb/3ea2c0db53bccf80",
                            "port": "80",
                            "protocol": "HTTP",
                            "ssl_policy": ""
                        },
                        "meta": {
                            "e2bfb730-ecaa-11e6-8f88-34363bc7c4c0": {
                                "read": 600000000000
                            }
                        },
                        "tainted": false
                    },
                    "deposed": [],
                    "provider": "provider.aws"
                },
                "aws_alb_target_group.terra_alb_target_group": {
                    "type": "aws_alb_target_group",
                    "depends_on": [
                        "aws_vpc.terra_vpc"
                    ],
                    "primary": {
                        "id": "arn:aws:elasticloadbalancing:us-east-1:559984225005:targetgroup/terra-alb-target-group/b304182fa582ac00",
                        "attributes": {
                            "arn": "arn:aws:elasticloadbalancing:us-east-1:559984225005:targetgroup/terra-alb-target-group/b304182fa582ac00",
                            "arn_suffix": "targetgroup/terra-alb-target-group/b304182fa582ac00",
                            "deregistration_delay": "300",
                            "health_check.#": "1",
                            "health_check.0.healthy_threshold": "5",
                            "health_check.0.interval": "30",
                            "health_check.0.matcher": "200",
                            "health_check.0.path": "/",
                            "health_check.0.port": "traffic-port",
                            "health_check.0.protocol": "HTTP",
                            "health_check.0.timeout": "5",
                            "health_check.0.unhealthy_threshold": "2",
                            "id": "arn:aws:elasticloadbalancing:us-east-1:559984225005:targetgroup/terra-alb-target-group/b304182fa582ac00",
                            "lambda_multi_value_headers_enabled": "false",
                            "name": "terra-alb-target-group",
                            "port": "80",
                            "protocol": "HTTP",
                            "proxy_protocol_v2": "false",
                            "slow_start": "0",
                            "stickiness.#": "1",
                            "stickiness.0.cookie_duration": "86400",
                            "stickiness.0.enabled": "false",
                            "stickiness.0.type": "lb_cookie",
                            "tags.%": "0",
                            "target_type": "instance",
                            "vpc_id": "vpc-08d85f240711a3b22"
                        },
                        "meta": {},
                        "tainted": false
                    },
                    "deposed": [],
                    "provider": "provider.aws"
                },
                "aws_autoscaling_group.terra-app-asg_az_1": {
                    "type": "aws_autoscaling_group",
                    "depends_on": [
                        "aws_alb_target_group.terra_alb_target_group",
                        "aws_launch_configuration.terra_lc",
                        "aws_subnet.terra_private_subnet_az_1"
                    ],
                    "primary": {
                        "id": "terraform-asg-example-1",
                        "attributes": {
                            "force_delete": "false",
                            "health_check_grace_period": "300",
                            "id": "terraform-asg-example-1",
                            "launch_configuration": "terraform-lc-example-20190310201510619200000001",
                            "load_balancers.#": "0",
                            "max_size": "2",
                            "metrics_granularity": "1Minute",
                            "min_size": "1",
                            "name": "terraform-asg-example-1",
                            "protect_from_scale_in": "false",
                            "target_group_arns.#": "1",
                            "target_group_arns.2609520638": "arn:aws:elasticloadbalancing:us-east-1:559984225005:targetgroup/terra-alb-target-group/b304182fa582ac00",
                            "vpc_zone_identifier.#": "1",
                            "vpc_zone_identifier.1637682421": "subnet-0dc5ca5285709dcd7",
                            "wait_for_capacity_timeout": "10m"
                        },
                        "meta": {
                            "e2bfb730-ecaa-11e6-8f88-34363bc7c4c0": {
                                "delete": 600000000000
                            }
                        },
                        "tainted": false
                    },
                    "deposed": [],
                    "provider": "provider.aws"
                },
                "aws_autoscaling_group.terra-app-asg_az_2": {
                    "type": "aws_autoscaling_group",
                    "depends_on": [
                        "aws_alb_target_group.terra_alb_target_group",
                        "aws_launch_configuration.terra_lc",
                        "aws_subnet.terra_private_subnet_az_2"
                    ],
                    "primary": {
                        "id": "terraform-asg-example-2",
                        "attributes": {
                            "force_delete": "false",
                            "health_check_grace_period": "300",
                            "id": "terraform-asg-example-2",
                            "launch_configuration": "terraform-lc-example-20190310201510619200000001",
                            "load_balancers.#": "0",
                            "max_size": "2",
                            "metrics_granularity": "1Minute",
                            "min_size": "1",
                            "name": "terraform-asg-example-2",
                            "protect_from_scale_in": "false",
                            "target_group_arns.#": "1",
                            "target_group_arns.2609520638": "arn:aws:elasticloadbalancing:us-east-1:559984225005:targetgroup/terra-alb-target-group/b304182fa582ac00",
                            "vpc_zone_identifier.#": "1",
                            "vpc_zone_identifier.1342075876": "subnet-0582a78815398574d",
                            "wait_for_capacity_timeout": "10m"
                        },
                        "meta": {
                            "e2bfb730-ecaa-11e6-8f88-34363bc7c4c0": {
                                "delete": 600000000000
                            }
                        },
                        "tainted": false
                    },
                    "deposed": [],
                    "provider": "provider.aws"
                },
                "aws_eip.nat_1": {
                    "type": "aws_eip",
                    "depends_on": [],
                    "primary": {
                        "id": "eipalloc-0dd9483c757492d91",
                        "attributes": {
                            "associate_with_private_ip": "10.6.74.10",
                            "association_id": "",
                            "domain": "vpc",
                            "id": "eipalloc-0dd9483c757492d91",
                            "instance": "",
                            "network_interface": "",
                            "private_ip": "",
                            "public_ip": "3.95.80.103",
                            "public_ipv4_pool": "amazon",
                            "tags.%": "0",
                            "vpc": "true"
                        },
                        "meta": {
                            "e2bfb730-ecaa-11e6-8f88-34363bc7c4c0": {
                                "delete": 180000000000,
                                "read": 900000000000,
                                "update": 300000000000
                            }
                        },
                        "tainted": false
                    },
                    "deposed": [],
                    "provider": "provider.aws"
                },
                "aws_eip.nat_2": {
                    "type": "aws_eip",
                    "depends_on": [],
                    "primary": {
                        "id": "eipalloc-00e1a5baeba68f1c1",
                        "attributes": {
                            "associate_with_private_ip": "10.6.74.100",
                            "association_id": "",
                            "domain": "vpc",
                            "id": "eipalloc-00e1a5baeba68f1c1",
                            "instance": "",
                            "network_interface": "",
                            "private_ip": "",
                            "public_ip": "52.1.47.113",
                            "public_ipv4_pool": "amazon",
                            "tags.%": "0",
                            "vpc": "true"
                        },
                        "meta": {
                            "e2bfb730-ecaa-11e6-8f88-34363bc7c4c0": {
                                "delete": 180000000000,
                                "read": 900000000000,
                                "update": 300000000000
                            }
                        },
                        "tainted": false
                    },
                    "deposed": [],
                    "provider": "provider.aws"
                },
                "aws_internet_gateway.terra_gw": {
                    "type": "aws_internet_gateway",
                    "depends_on": [
                        "aws_vpc.terra_vpc"
                    ],
                    "primary": {
                        "id": "igw-022910c5be1c57660",
                        "attributes": {
                            "id": "igw-022910c5be1c57660",
                            "owner_id": "559984225005",
                            "tags.%": "0",
                            "vpc_id": "vpc-08d85f240711a3b22"
                        },
                        "meta": {},
                        "tainted": false
                    },
                    "deposed": [],
                    "provider": "provider.aws"
                },
                "aws_launch_configuration.terra_lc": {
                    "type": "aws_launch_configuration",
                    "depends_on": [
                        "aws_security_group.terra_app_server_sg",
                        "data.aws_ami.nginx-ubuntu"
                    ],
                    "primary": {
                        "id": "terraform-lc-example-20190310201510619200000001",
                        "attributes": {
                            "associate_public_ip_address": "false",
                            "ebs_block_device.#": "0",
                            "ebs_optimized": "false",
                            "enable_monitoring": "true",
                            "ephemeral_block_device.#": "0",
                            "iam_instance_profile": "",
                            "id": "terraform-lc-example-20190310201510619200000001",
                            "image_id": "ami-07d3f48f12a13c773",
                            "instance_type": "t2.micro",
                            "key_name": "dev-bastion",
                            "name": "terraform-lc-example-20190310201510619200000001",
                            "name_prefix": "terraform-lc-example-",
                            "root_block_device.#": "0",
                            "security_groups.#": "1",
                            "security_groups.462224963": "sg-001accab26d9c6c68",
                            "spot_price": "",
                            "vpc_classic_link_id": "",
                            "vpc_classic_link_security_groups.#": "0"
                        },
                        "meta": {},
                        "tainted": false
                    },
                    "deposed": [],
                    "provider": "provider.aws"
                },
                "aws_nat_gateway.gw_1": {
                    "type": "aws_nat_gateway",
                    "depends_on": [
                        "aws_eip.nat_1",
                        "aws_subnet.terra_ingress_subnet_az_1"
                    ],
                    "primary": {
                        "id": "nat-0a3be529e8485c641",
                        "attributes": {
                            "allocation_id": "eipalloc-0dd9483c757492d91",
                            "id": "nat-0a3be529e8485c641",
                            "network_interface_id": "eni-08a0523b2b0ecba44",
                            "private_ip": "10.6.74.11",
                            "public_ip": "3.95.80.103",
                            "subnet_id": "subnet-087e4c753ce5db0e9",
                            "tags.%": "1",
                            "tags.Name": "gw NAT 1"
                        },
                        "meta": {},
                        "tainted": false
                    },
                    "deposed": [],
                    "provider": "provider.aws"
                },
                "aws_nat_gateway.gw_2": {
                    "type": "aws_nat_gateway",
                    "depends_on": [
                        "aws_eip.nat_2",
                        "aws_subnet.terra_ingress_subnet_az_2"
                    ],
                    "primary": {
                        "id": "nat-0aedeed2dd6510ed5",
                        "attributes": {
                            "allocation_id": "eipalloc-00e1a5baeba68f1c1",
                            "id": "nat-0aedeed2dd6510ed5",
                            "network_interface_id": "eni-06a3760abc1af5b72",
                            "private_ip": "10.6.74.117",
                            "public_ip": "52.1.47.113",
                            "subnet_id": "subnet-0fe107da521a1fa4f",
                            "tags.%": "1",
                            "tags.Name": "gw NAT 2"
                        },
                        "meta": {},
                        "tainted": false
                    },
                    "deposed": [],
                    "provider": "provider.aws"
                },
                "aws_route_table.app_route_table_1": {
                    "type": "aws_route_table",
                    "depends_on": [
                        "aws_nat_gateway.gw_1",
                        "aws_vpc.terra_vpc"
                    ],
                    "primary": {
                        "id": "rtb-0515cf52413d4c6ef",
                        "attributes": {
                            "id": "rtb-0515cf52413d4c6ef",
                            "owner_id": "559984225005",
                            "propagating_vgws.#": "0",
                            "route.#": "1",
                            "route.2937285927.cidr_block": "0.0.0.0/0",
                            "route.2937285927.egress_only_gateway_id": "",
                            "route.2937285927.gateway_id": "",
                            "route.2937285927.instance_id": "",
                            "route.2937285927.ipv6_cidr_block": "",
                            "route.2937285927.nat_gateway_id": "nat-0a3be529e8485c641",
                            "route.2937285927.network_interface_id": "",
                            "route.2937285927.transit_gateway_id": "",
                            "route.2937285927.vpc_peering_connection_id": "",
                            "tags.%": "0",
                            "vpc_id": "vpc-08d85f240711a3b22"
                        },
                        "meta": {},
                        "tainted": false
                    },
                    "deposed": [],
                    "provider": "provider.aws"
                },
                "aws_route_table.app_route_table_2": {
                    "type": "aws_route_table",
                    "depends_on": [
                        "aws_nat_gateway.gw_2",
                        "aws_vpc.terra_vpc"
                    ],
                    "primary": {
                        "id": "rtb-01a7257f818735b1c",
                        "attributes": {
                            "id": "rtb-01a7257f818735b1c",
                            "owner_id": "559984225005",
                            "propagating_vgws.#": "0",
                            "route.#": "1",
                            "route.1845021335.cidr_block": "0.0.0.0/0",
                            "route.1845021335.egress_only_gateway_id": "",
                            "route.1845021335.gateway_id": "",
                            "route.1845021335.instance_id": "",
                            "route.1845021335.ipv6_cidr_block": "",
                            "route.1845021335.nat_gateway_id": "nat-0aedeed2dd6510ed5",
                            "route.1845021335.network_interface_id": "",
                            "route.1845021335.transit_gateway_id": "",
                            "route.1845021335.vpc_peering_connection_id": "",
                            "tags.%": "0",
                            "vpc_id": "vpc-08d85f240711a3b22"
                        },
                        "meta": {},
                        "tainted": false
                    },
                    "deposed": [],
                    "provider": "provider.aws"
                },
                "aws_route_table.ingress_route_table": {
                    "type": "aws_route_table",
                    "depends_on": [
                        "aws_internet_gateway.terra_gw",
                        "aws_vpc.terra_vpc"
                    ],
                    "primary": {
                        "id": "rtb-04ecf988239b58a8c",
                        "attributes": {
                            "id": "rtb-04ecf988239b58a8c",
                            "owner_id": "559984225005",
                            "propagating_vgws.#": "0",
                            "route.#": "1",
                            "route.3121913377.cidr_block": "0.0.0.0/0",
                            "route.3121913377.egress_only_gateway_id": "",
                            "route.3121913377.gateway_id": "igw-022910c5be1c57660",
                            "route.3121913377.instance_id": "",
                            "route.3121913377.ipv6_cidr_block": "",
                            "route.3121913377.nat_gateway_id": "",
                            "route.3121913377.network_interface_id": "",
                            "route.3121913377.transit_gateway_id": "",
                            "route.3121913377.vpc_peering_connection_id": "",
                            "tags.%": "0",
                            "vpc_id": "vpc-08d85f240711a3b22"
                        },
                        "meta": {},
                        "tainted": false
                    },
                    "deposed": [],
                    "provider": "provider.aws"
                },
                "aws_route_table_association.app_route_table_assoc_az_1.0": {
                    "type": "aws_route_table_association",
                    "depends_on": [
                        "aws_route_table.app_route_table_1",
                        "aws_subnet.terra_private_subnet_az_1"
                    ],
                    "primary": {
                        "id": "rtbassoc-098b09efffe5831a0",
                        "attributes": {
                            "id": "rtbassoc-098b09efffe5831a0",
                            "route_table_id": "rtb-0515cf52413d4c6ef",
                            "subnet_id": "subnet-0dc5ca5285709dcd7"
                        },
                        "meta": {},
                        "tainted": false
                    },
                    "deposed": [],
                    "provider": "provider.aws"
                },
                "aws_route_table_association.app_route_table_assoc_az_1.1": {
                    "type": "aws_route_table_association",
                    "depends_on": [
                        "aws_route_table.app_route_table_1",
                        "aws_subnet.terra_private_subnet_az_1"
                    ],
                    "primary": {
                        "id": "rtbassoc-098b09efffe5831a0",
                        "attributes": {
                            "id": "rtbassoc-098b09efffe5831a0",
                            "route_table_id": "rtb-0515cf52413d4c6ef",
                            "subnet_id": "subnet-0dc5ca5285709dcd7"
                        },
                        "meta": {},
                        "tainted": false
                    },
                    "deposed": [],
                    "provider": "provider.aws"
                },
                "aws_route_table_association.app_route_table_assoc_az_2.0": {
                    "type": "aws_route_table_association",
                    "depends_on": [
                        "aws_route_table.app_route_table_2",
                        "aws_subnet.terra_private_subnet_az_2"
                    ],
                    "primary": {
                        "id": "rtbassoc-00c5f35c98639e795",
                        "attributes": {
                            "id": "rtbassoc-00c5f35c98639e795",
                            "route_table_id": "rtb-01a7257f818735b1c",
                            "subnet_id": "subnet-0582a78815398574d"
                        },
                        "meta": {},
                        "tainted": false
                    },
                    "deposed": [],
                    "provider": "provider.aws"
                },
                "aws_route_table_association.app_route_table_assoc_az_2.1": {
                    "type": "aws_route_table_association",
                    "depends_on": [
                        "aws_route_table.app_route_table_2",
                        "aws_subnet.terra_private_subnet_az_2"
                    ],
                    "primary": {
                        "id": "rtbassoc-00c5f35c98639e795",
                        "attributes": {
                            "id": "rtbassoc-00c5f35c98639e795",
                            "route_table_id": "rtb-01a7257f818735b1c",
                            "subnet_id": "subnet-0582a78815398574d"
                        },
                        "meta": {},
                        "tainted": false
                    },
                    "deposed": [],
                    "provider": "provider.aws"
                },
                "aws_route_table_association.ingress_route_table_assoc_az_1.0": {
                    "type": "aws_route_table_association",
                    "depends_on": [
                        "aws_route_table.ingress_route_table",
                        "aws_subnet.terra_ingress_subnet_az_1"
                    ],
                    "primary": {
                        "id": "rtbassoc-081d60116bb41ac67",
                        "attributes": {
                            "id": "rtbassoc-081d60116bb41ac67",
                            "route_table_id": "rtb-04ecf988239b58a8c",
                            "subnet_id": "subnet-087e4c753ce5db0e9"
                        },
                        "meta": {},
                        "tainted": false
                    },
                    "deposed": [],
                    "provider": "provider.aws"
                },
                "aws_route_table_association.ingress_route_table_assoc_az_1.1": {
                    "type": "aws_route_table_association",
                    "depends_on": [
                        "aws_route_table.ingress_route_table",
                        "aws_subnet.terra_ingress_subnet_az_1"
                    ],
                    "primary": {
                        "id": "rtbassoc-081d60116bb41ac67",
                        "attributes": {
                            "id": "rtbassoc-081d60116bb41ac67",
                            "route_table_id": "rtb-04ecf988239b58a8c",
                            "subnet_id": "subnet-087e4c753ce5db0e9"
                        },
                        "meta": {},
                        "tainted": false
                    },
                    "deposed": [],
                    "provider": "provider.aws"
                },
                "aws_route_table_association.ingress_route_table_assoc_az_2.0": {
                    "type": "aws_route_table_association",
                    "depends_on": [
                        "aws_route_table.ingress_route_table",
                        "aws_subnet.terra_ingress_subnet_az_2"
                    ],
                    "primary": {
                        "id": "rtbassoc-02eac0a20f297afeb",
                        "attributes": {
                            "id": "rtbassoc-02eac0a20f297afeb",
                            "route_table_id": "rtb-04ecf988239b58a8c",
                            "subnet_id": "subnet-0fe107da521a1fa4f"
                        },
                        "meta": {},
                        "tainted": false
                    },
                    "deposed": [],
                    "provider": "provider.aws"
                },
                "aws_route_table_association.ingress_route_table_assoc_az_2.1": {
                    "type": "aws_route_table_association",
                    "depends_on": [
                        "aws_route_table.ingress_route_table",
                        "aws_subnet.terra_ingress_subnet_az_2"
                    ],
                    "primary": {
                        "id": "rtbassoc-02eac0a20f297afeb",
                        "attributes": {
                            "id": "rtbassoc-02eac0a20f297afeb",
                            "route_table_id": "rtb-04ecf988239b58a8c",
                            "subnet_id": "subnet-0fe107da521a1fa4f"
                        },
                        "meta": {},
                        "tainted": false
                    },
                    "deposed": [],
                    "provider": "provider.aws"
                },
                "aws_security_group.terra_alb_sg": {
                    "type": "aws_security_group",
                    "depends_on": [
                        "aws_vpc.terra_vpc"
                    ],
                    "primary": {
                        "id": "sg-086df3d59830e1198",
                        "attributes": {
                            "arn": "arn:aws:ec2:us-east-1:559984225005:security-group/sg-086df3d59830e1198",
                            "description": "Allow all inbound traffic",
                            "egress.#": "2",
                            "egress.223007574.cidr_blocks.#": "1",
                            "egress.223007574.cidr_blocks.0": "10.6.74.192/26",
                            "egress.223007574.description": "",
                            "egress.223007574.from_port": "80",
                            "egress.223007574.ipv6_cidr_blocks.#": "0",
                            "egress.223007574.prefix_list_ids.#": "0",
                            "egress.223007574.protocol": "tcp",
                            "egress.223007574.security_groups.#": "0",
                            "egress.223007574.self": "false",
                            "egress.223007574.to_port": "80",
                            "egress.758987572.cidr_blocks.#": "1",
                            "egress.758987572.cidr_blocks.0": "10.6.74.128/26",
                            "egress.758987572.description": "",
                            "egress.758987572.from_port": "80",
                            "egress.758987572.ipv6_cidr_blocks.#": "0",
                            "egress.758987572.prefix_list_ids.#": "0",
                            "egress.758987572.protocol": "tcp",
                            "egress.758987572.security_groups.#": "0",
                            "egress.758987572.self": "false",
                            "egress.758987572.to_port": "80",
                            "id": "sg-086df3d59830e1198",
                            "ingress.#": "1",
                            "ingress.2214680975.cidr_blocks.#": "1",
                            "ingress.2214680975.cidr_blocks.0": "0.0.0.0/0",
                            "ingress.2214680975.description": "",
                            "ingress.2214680975.from_port": "80",
                            "ingress.2214680975.ipv6_cidr_blocks.#": "0",
                            "ingress.2214680975.prefix_list_ids.#": "0",
                            "ingress.2214680975.protocol": "tcp",
                            "ingress.2214680975.security_groups.#": "0",
                            "ingress.2214680975.self": "false",
                            "ingress.2214680975.to_port": "80",
                            "name": "terra_alb_sg",
                            "owner_id": "559984225005",
                            "revoke_rules_on_delete": "false",
                            "tags.%": "1",
                            "tags.Name": "terra_alb_sg",
                            "vpc_id": "vpc-08d85f240711a3b22"
                        },
                        "meta": {
                            "e2bfb730-ecaa-11e6-8f88-34363bc7c4c0": {
                                "create": 600000000000,
                                "delete": 600000000000
                            },
                            "schema_version": "1"
                        },
                        "tainted": false
                    },
                    "deposed": [],
                    "provider": "provider.aws"
                },
                "aws_security_group.terra_app_server_sg": {
                    "type": "aws_security_group",
                    "depends_on": [
                        "aws_vpc.terra_vpc"
                    ],
                    "primary": {
                        "id": "sg-001accab26d9c6c68",
                        "attributes": {
                            "arn": "arn:aws:ec2:us-east-1:559984225005:security-group/sg-001accab26d9c6c68",
                            "description": "Allow all inbound traffic",
                            "egress.#": "0",
                            "id": "sg-001accab26d9c6c68",
                            "ingress.#": "3",
                            "ingress.2161175094.cidr_blocks.#": "1",
                            "ingress.2161175094.cidr_blocks.0": "10.6.74.0/26",
                            "ingress.2161175094.description": "",
                            "ingress.2161175094.from_port": "80",
                            "ingress.2161175094.ipv6_cidr_blocks.#": "0",
                            "ingress.2161175094.prefix_list_ids.#": "0",
                            "ingress.2161175094.protocol": "tcp",
                            "ingress.2161175094.security_groups.#": "0",
                            "ingress.2161175094.self": "false",
                            "ingress.2161175094.to_port": "80",
                            "ingress.2512543489.cidr_blocks.#": "1",
                            "ingress.2512543489.cidr_blocks.0": "10.6.74.64/26",
                            "ingress.2512543489.description": "",
                            "ingress.2512543489.from_port": "80",
                            "ingress.2512543489.ipv6_cidr_blocks.#": "0",
                            "ingress.2512543489.prefix_list_ids.#": "0",
                            "ingress.2512543489.protocol": "tcp",
                            "ingress.2512543489.security_groups.#": "0",
                            "ingress.2512543489.self": "false",
                            "ingress.2512543489.to_port": "80",
                            "ingress.997009256.cidr_blocks.#": "1",
                            "ingress.997009256.cidr_blocks.0": "10.6.74.0/26",
                            "ingress.997009256.description": "",
                            "ingress.997009256.from_port": "22",
                            "ingress.997009256.ipv6_cidr_blocks.#": "0",
                            "ingress.997009256.prefix_list_ids.#": "0",
                            "ingress.997009256.protocol": "tcp",
                            "ingress.997009256.security_groups.#": "0",
                            "ingress.997009256.self": "false",
                            "ingress.997009256.to_port": "22",
                            "name": "terra_app_server_sg",
                            "owner_id": "559984225005",
                            "revoke_rules_on_delete": "false",
                            "tags.%": "1",
                            "tags.Name": "terra_app_server_sg",
                            "vpc_id": "vpc-08d85f240711a3b22"
                        },
                        "meta": {
                            "e2bfb730-ecaa-11e6-8f88-34363bc7c4c0": {
                                "create": 600000000000,
                                "delete": 600000000000
                            },
                            "schema_version": "1"
                        },
                        "tainted": false
                    },
                    "deposed": [],
                    "provider": "provider.aws"
                },
                "aws_security_group.terra_bastion_sg": {
                    "type": "aws_security_group",
                    "depends_on": [
                        "aws_vpc.terra_vpc"
                    ],
                    "primary": {
                        "id": "sg-0858ba1cf5c2759af",
                        "attributes": {
                            "arn": "arn:aws:ec2:us-east-1:559984225005:security-group/sg-0858ba1cf5c2759af",
                            "description": "Allow all inbound traffic",
                            "egress.#": "2",
                            "egress.3433539132.cidr_blocks.#": "1",
                            "egress.3433539132.cidr_blocks.0": "10.6.74.192/26",
                            "egress.3433539132.description": "",
                            "egress.3433539132.from_port": "22",
                            "egress.3433539132.ipv6_cidr_blocks.#": "0",
                            "egress.3433539132.prefix_list_ids.#": "0",
                            "egress.3433539132.protocol": "tcp",
                            "egress.3433539132.security_groups.#": "0",
                            "egress.3433539132.self": "false",
                            "egress.3433539132.to_port": "22",
                            "egress.3973074526.cidr_blocks.#": "1",
                            "egress.3973074526.cidr_blocks.0": "10.6.74.128/26",
                            "egress.3973074526.description": "",
                            "egress.3973074526.from_port": "22",
                            "egress.3973074526.ipv6_cidr_blocks.#": "0",
                            "egress.3973074526.prefix_list_ids.#": "0",
                            "egress.3973074526.protocol": "tcp",
                            "egress.3973074526.security_groups.#": "0",
                            "egress.3973074526.self": "false",
                            "egress.3973074526.to_port": "22",
                            "id": "sg-0858ba1cf5c2759af",
                            "ingress.#": "1",
                            "ingress.829176994.cidr_blocks.#": "1",
                            "ingress.829176994.cidr_blocks.0": "96.93.231.169/32",
                            "ingress.829176994.description": "",
                            "ingress.829176994.from_port": "22",
                            "ingress.829176994.ipv6_cidr_blocks.#": "0",
                            "ingress.829176994.prefix_list_ids.#": "0",
                            "ingress.829176994.protocol": "tcp",
                            "ingress.829176994.security_groups.#": "0",
                            "ingress.829176994.self": "false",
                            "ingress.829176994.to_port": "22",
                            "name": "terra_bastion_sg",
                            "owner_id": "559984225005",
                            "revoke_rules_on_delete": "false",
                            "tags.%": "1",
                            "tags.Name": "terra_bastion_sg",
                            "vpc_id": "vpc-08d85f240711a3b22"
                        },
                        "meta": {
                            "e2bfb730-ecaa-11e6-8f88-34363bc7c4c0": {
                                "create": 600000000000,
                                "delete": 600000000000
                            },
                            "schema_version": "1"
                        },
                        "tainted": false
                    },
                    "deposed": [],
                    "provider": "provider.aws"
                },
                "aws_subnet.terra_ingress_subnet_az_1": {
                    "type": "aws_subnet",
                    "depends_on": [
                        "aws_vpc.terra_vpc"
                    ],
                    "primary": {
                        "id": "subnet-087e4c753ce5db0e9",
                        "attributes": {
                            "arn": "arn:aws:ec2:us-east-1:559984225005:subnet/subnet-087e4c753ce5db0e9",
                            "assign_ipv6_address_on_creation": "false",
                            "availability_zone": "us-east-1a",
                            "availability_zone_id": "use1-az2",
                            "cidr_block": "10.6.74.0/26",
                            "id": "subnet-087e4c753ce5db0e9",
                            "ipv6_cidr_block": "",
                            "ipv6_cidr_block_association_id": "",
                            "map_public_ip_on_launch": "true",
                            "owner_id": "559984225005",
                            "tags.%": "1",
                            "tags.Name": "Ingress Subnet 1",
                            "vpc_id": "vpc-08d85f240711a3b22"
                        },
                        "meta": {
                            "e2bfb730-ecaa-11e6-8f88-34363bc7c4c0": {
                                "create": 600000000000,
                                "delete": 600000000000
                            },
                            "schema_version": "1"
                        },
                        "tainted": false
                    },
                    "deposed": [],
                    "provider": "provider.aws"
                },
                "aws_subnet.terra_ingress_subnet_az_2": {
                    "type": "aws_subnet",
                    "depends_on": [
                        "aws_vpc.terra_vpc"
                    ],
                    "primary": {
                        "id": "subnet-0fe107da521a1fa4f",
                        "attributes": {
                            "arn": "arn:aws:ec2:us-east-1:559984225005:subnet/subnet-0fe107da521a1fa4f",
                            "assign_ipv6_address_on_creation": "false",
                            "availability_zone": "us-east-1b",
                            "availability_zone_id": "use1-az4",
                            "cidr_block": "10.6.74.64/26",
                            "id": "subnet-0fe107da521a1fa4f",
                            "ipv6_cidr_block": "",
                            "ipv6_cidr_block_association_id": "",
                            "map_public_ip_on_launch": "true",
                            "owner_id": "559984225005",
                            "tags.%": "1",
                            "tags.Name": "Ingress Subnet 2",
                            "vpc_id": "vpc-08d85f240711a3b22"
                        },
                        "meta": {
                            "e2bfb730-ecaa-11e6-8f88-34363bc7c4c0": {
                                "create": 600000000000,
                                "delete": 600000000000
                            },
                            "schema_version": "1"
                        },
                        "tainted": false
                    },
                    "deposed": [],
                    "provider": "provider.aws"
                },
                "aws_subnet.terra_private_subnet_az_1": {
                    "type": "aws_subnet",
                    "depends_on": [
                        "aws_vpc.terra_vpc"
                    ],
                    "primary": {
                        "id": "subnet-0dc5ca5285709dcd7",
                        "attributes": {
                            "arn": "arn:aws:ec2:us-east-1:559984225005:subnet/subnet-0dc5ca5285709dcd7",
                            "assign_ipv6_address_on_creation": "false",
                            "availability_zone": "us-east-1a",
                            "availability_zone_id": "use1-az2",
                            "cidr_block": "10.6.74.128/26",
                            "id": "subnet-0dc5ca5285709dcd7",
                            "ipv6_cidr_block": "",
                            "ipv6_cidr_block_association_id": "",
                            "map_public_ip_on_launch": "false",
                            "owner_id": "559984225005",
                            "tags.%": "1",
                            "tags.Name": "Application Subnet 1",
                            "vpc_id": "vpc-08d85f240711a3b22"
                        },
                        "meta": {
                            "e2bfb730-ecaa-11e6-8f88-34363bc7c4c0": {
                                "create": 600000000000,
                                "delete": 600000000000
                            },
                            "schema_version": "1"
                        },
                        "tainted": false
                    },
                    "deposed": [],
                    "provider": "provider.aws"
                },
                "aws_subnet.terra_private_subnet_az_2": {
                    "type": "aws_subnet",
                    "depends_on": [
                        "aws_vpc.terra_vpc"
                    ],
                    "primary": {
                        "id": "subnet-0582a78815398574d",
                        "attributes": {
                            "arn": "arn:aws:ec2:us-east-1:559984225005:subnet/subnet-0582a78815398574d",
                            "assign_ipv6_address_on_creation": "false",
                            "availability_zone": "us-east-1b",
                            "availability_zone_id": "use1-az4",
                            "cidr_block": "10.6.74.192/26",
                            "id": "subnet-0582a78815398574d",
                            "ipv6_cidr_block": "",
                            "ipv6_cidr_block_association_id": "",
                            "map_public_ip_on_launch": "false",
                            "owner_id": "559984225005",
                            "tags.%": "1",
                            "tags.Name": "Application Subnet 2",
                            "vpc_id": "vpc-08d85f240711a3b22"
                        },
                        "meta": {
                            "e2bfb730-ecaa-11e6-8f88-34363bc7c4c0": {
                                "create": 600000000000,
                                "delete": 600000000000
                            },
                            "schema_version": "1"
                        },
                        "tainted": false
                    },
                    "deposed": [],
                    "provider": "provider.aws"
                },
                "aws_vpc.terra_vpc": {
                    "type": "aws_vpc",
                    "depends_on": [],
                    "primary": {
                        "id": "vpc-08d85f240711a3b22",
                        "attributes": {
                            "arn": "arn:aws:ec2:us-east-1:559984225005:vpc/vpc-08d85f240711a3b22",
                            "assign_generated_ipv6_cidr_block": "false",
                            "cidr_block": "10.6.74.0/23",
                            "default_network_acl_id": "acl-021830392855248ed",
                            "default_route_table_id": "rtb-028824cbea3de79cb",
                            "default_security_group_id": "sg-0d28906a9258ec255",
                            "dhcp_options_id": "dopt-17256971",
                            "enable_classiclink": "false",
                            "enable_classiclink_dns_support": "false",
                            "enable_dns_hostnames": "false",
                            "enable_dns_support": "true",
                            "id": "vpc-08d85f240711a3b22",
                            "instance_tenancy": "default",
                            "ipv6_association_id": "",
                            "ipv6_cidr_block": "",
                            "main_route_table_id": "rtb-028824cbea3de79cb",
                            "owner_id": "559984225005",
                            "tags.%": "1",
                            "tags.Name": "main"
                        },
                        "meta": {
                            "schema_version": "1"
                        },
                        "tainted": false
                    },
                    "deposed": [],
                    "provider": "provider.aws"
                },
                "data.aws_ami.nginx-ubuntu": {
                    "type": "aws_ami",
                    "depends_on": [],
                    "primary": {
                        "id": "ami-07d3f48f12a13c773",
                        "attributes": {
                            "architecture": "x86_64",
                            "block_device_mappings.#": "3",
                            "block_device_mappings.1634610537.device_name": "/dev/sdb",
                            "block_device_mappings.1634610537.ebs.%": "0",
                            "block_device_mappings.1634610537.no_device": "",
                            "block_device_mappings.1634610537.virtual_name": "ephemeral0",
                            "block_device_mappings.2547816212.device_name": "/dev/sda1",
                            "block_device_mappings.2547816212.ebs.%": "6",
                            "block_device_mappings.2547816212.ebs.delete_on_termination": "true",
                            "block_device_mappings.2547816212.ebs.encrypted": "false",
                            "block_device_mappings.2547816212.ebs.iops": "0",
                            "block_device_mappings.2547816212.ebs.snapshot_id": "snap-0b574c6b7d01e1f1c",
                            "block_device_mappings.2547816212.ebs.volume_size": "8",
                            "block_device_mappings.2547816212.ebs.volume_type": "gp2",
                            "block_device_mappings.2547816212.no_device": "",
                            "block_device_mappings.2547816212.virtual_name": "",
                            "block_device_mappings.3850042718.device_name": "/dev/sdc",
                            "block_device_mappings.3850042718.ebs.%": "0",
                            "block_device_mappings.3850042718.no_device": "",
                            "block_device_mappings.3850042718.virtual_name": "ephemeral1",
                            "creation_date": "2018-08-08T15:10:21.000Z",
                            "description": "NGINX Plus - Ubuntu AMI (HVM, v1.4), provided by Nginx, Inc.",
                            "filter.#": "2",
                            "filter.285233060.name": "name",
                            "filter.285233060.values.#": "1",
                            "filter.285233060.values.0": "nginx-plus-ami-ubuntu-hvm-*",
                            "filter.490168357.name": "virtualization-type",
                            "filter.490168357.values.#": "1",
                            "filter.490168357.values.0": "hvm",
                            "hypervisor": "xen",
                            "id": "ami-07d3f48f12a13c773",
                            "image_id": "ami-07d3f48f12a13c773",
                            "image_location": "aws-marketplace/nginx-plus-ami-ubuntu-hvm-v1.4-20180807.x86_64-ebs-c1015387-7008-4927-9608-a33c085ef71e-ami-8b1209f4.4",
                            "image_owner_alias": "aws-marketplace",
                            "image_type": "machine",
                            "most_recent": "true",
                            "name": "nginx-plus-ami-ubuntu-hvm-v1.4-20180807.x86_64-ebs-c1015387-7008-4927-9608-a33c085ef71e-ami-8b1209f4.4",
                            "owner_id": "679593333241",
                            "owners.#": "1",
                            "owners.0": "679593333241",
                            "product_codes.#": "1",
                            "product_codes.4038489679.product_code_id": "bfckwaelzc27o465yw63zuf4u",
                            "product_codes.4038489679.product_code_type": "marketplace",
                            "public": "true",
                            "root_device_name": "/dev/sda1",
                            "root_device_type": "ebs",
                            "root_snapshot_id": "snap-0b574c6b7d01e1f1c",
                            "sriov_net_support": "simple",
                            "state": "available",
                            "state_reason.%": "2",
                            "state_reason.code": "UNSET",
                            "state_reason.message": "UNSET",
                            "tags.%": "0",
                            "virtualization_type": "hvm"
                        },
                        "meta": {},
                        "tainted": false
                    },
                    "deposed": [],
                    "provider": "provider.aws"
                }
            },
            "depends_on": []
        }
    ]
}
